// !$*UTF8*$!
{
	archiveVersion = 1;
	classes = {
	};
	objectVersion = 56;
	objects = {

/* Begin PBXBuildFile section */
		C91B23C02B535D9B00BAF6F8 /* TikTok_SwiftUIApp.swift in Sources */ = {isa = PBXBuildFile; fileRef = C91B23BF2B535D9B00BAF6F8 /* TikTok_SwiftUIApp.swift */; };
		C91B23C22B535D9B00BAF6F8 /* ContentView.swift in Sources */ = {isa = PBXBuildFile; fileRef = C91B23C12B535D9B00BAF6F8 /* ContentView.swift */; };
		C91B23C42B535D9D00BAF6F8 /* Assets.xcassets in Resources */ = {isa = PBXBuildFile; fileRef = C91B23C32B535D9D00BAF6F8 /* Assets.xcassets */; };
		C91B23C72B535D9D00BAF6F8 /* Preview Assets.xcassets in Resources */ = {isa = PBXBuildFile; fileRef = C91B23C62B535D9D00BAF6F8 /* Preview Assets.xcassets */; };
		C91B23D12B535D9E00BAF6F8 /* TikTok_SwiftUITests.swift in Sources */ = {isa = PBXBuildFile; fileRef = C91B23D02B535D9E00BAF6F8 /* TikTok_SwiftUITests.swift */; };
		C91B23DB2B535D9E00BAF6F8 /* TikTok_SwiftUIUITests.swift in Sources */ = {isa = PBXBuildFile; fileRef = C91B23DA2B535D9E00BAF6F8 /* TikTok_SwiftUIUITests.swift */; };
		C91B23DD2B535D9E00BAF6F8 /* TikTok_SwiftUIUITestsLaunchTests.swift in Sources */ = {isa = PBXBuildFile; fileRef = C91B23DC2B535D9E00BAF6F8 /* TikTok_SwiftUIUITestsLaunchTests.swift */; };
		C91B23FF2B556C3A00BAF6F8 /* MainTabView.swift in Sources */ = {isa = PBXBuildFile; fileRef = C91B23FE2B556C3A00BAF6F8 /* MainTabView.swift */; };
		C91B250D2B57B28800BAF6F8 /* FeedView.swift in Sources */ = {isa = PBXBuildFile; fileRef = C91B250C2B57B28800BAF6F8 /* FeedView.swift */; };
		C91B250F2B57B3EC00BAF6F8 /* FeedCell.swift in Sources */ = {isa = PBXBuildFile; fileRef = C91B250E2B57B3EC00BAF6F8 /* FeedCell.swift */; };
		C91EF1502B5F1CDA00928FBA /* StandardTextFiledModifier.swift in Sources */ = {isa = PBXBuildFile; fileRef = C91EF14F2B5F1CDA00928FBA /* StandardTextFiledModifier.swift */; };
		C93FC6222B666AA3000D37EB /* PreviewProvider.swift in Sources */ = {isa = PBXBuildFile; fileRef = C93FC6212B666AA3000D37EB /* PreviewProvider.swift */; };
		C93FC6262B666DF6000D37EB /* ExplorerViewModel.swift in Sources */ = {isa = PBXBuildFile; fileRef = C93FC6252B666DF6000D37EB /* ExplorerViewModel.swift */; };
		C93FC62B2B667901000D37EB /* UserProfileView.swift in Sources */ = {isa = PBXBuildFile; fileRef = C93FC62A2B667901000D37EB /* UserProfileView.swift */; };
		C93FC66D2B66E78A000D37EB /* Firesstore+Constants.swift in Sources */ = {isa = PBXBuildFile; fileRef = C93FC66C2B66E78A000D37EB /* Firesstore+Constants.swift */; };
		C95BEFCA2B59E0E600F6F796 /* ExplorerView.swift in Sources */ = {isa = PBXBuildFile; fileRef = C95BEFC92B59E0E600F6F796 /* ExplorerView.swift */; };
		C95BEFCC2B59E0F300F6F796 /* UserCell.swift in Sources */ = {isa = PBXBuildFile; fileRef = C95BEFCB2B59E0F300F6F796 /* UserCell.swift */; };
		C95BEFCE2B59E5B900F6F796 /* NotificationView.swift in Sources */ = {isa = PBXBuildFile; fileRef = C95BEFCD2B59E5B900F6F796 /* NotificationView.swift */; };
		C95BEFD02B59E5CA00F6F796 /* NotificationCell.swift in Sources */ = {isa = PBXBuildFile; fileRef = C95BEFCF2B59E5CA00F6F796 /* NotificationCell.swift */; };
		C95BEFD22B5B23FD00F6F796 /* CurrentUserProfileView.swift in Sources */ = {isa = PBXBuildFile; fileRef = C95BEFD12B5B23FD00F6F796 /* CurrentUserProfileView.swift */; };
		C95BEFD42B5B246800F6F796 /* ProfileHeaderView.swift in Sources */ = {isa = PBXBuildFile; fileRef = C95BEFD32B5B246800F6F796 /* ProfileHeaderView.swift */; };
		C95BEFD62B5B247A00F6F796 /* PostGrideView.swift in Sources */ = {isa = PBXBuildFile; fileRef = C95BEFD52B5B247A00F6F796 /* PostGrideView.swift */; };
		C95BEFD92B5B268200F6F796 /* UserStateView.swift in Sources */ = {isa = PBXBuildFile; fileRef = C95BEFD82B5B268200F6F796 /* UserStateView.swift */; };
		C95BEFDD2B5C51AD00F6F796 /* Post.swift in Sources */ = {isa = PBXBuildFile; fileRef = C95BEFDC2B5C51AD00F6F796 /* Post.swift */; };
		C95BEFE22B5C528700F6F796 /* FeedViewModel.swift in Sources */ = {isa = PBXBuildFile; fileRef = C95BEFE12B5C528700F6F796 /* FeedViewModel.swift */; };
		C95BEFE52B5C717400F6F796 /* CustomVideoPlayer.swift in Sources */ = {isa = PBXBuildFile; fileRef = C95BEFE42B5C717400F6F796 /* CustomVideoPlayer.swift */; };
		C975124F2B606E5700CFA166 /* AuthenticationFormProtocol.swift in Sources */ = {isa = PBXBuildFile; fileRef = C975124E2B606E5700CFA166 /* AuthenticationFormProtocol.swift */; };
		C97512512B624D6C00CFA166 /* GoogleService-Info.plist in Resources */ = {isa = PBXBuildFile; fileRef = C97512502B624D6C00CFA166 /* GoogleService-Info.plist */; };
		C97512542B62540200CFA166 /* FirebaseAnalytics in Frameworks */ = {isa = PBXBuildFile; productRef = C97512532B62540200CFA166 /* FirebaseAnalytics */; };
		C97512562B62540200CFA166 /* FirebaseAnalyticsOnDeviceConversion in Frameworks */ = {isa = PBXBuildFile; productRef = C97512552B62540200CFA166 /* FirebaseAnalyticsOnDeviceConversion */; };
		C97512582B62540200CFA166 /* FirebaseAnalyticsSwift in Frameworks */ = {isa = PBXBuildFile; productRef = C97512572B62540200CFA166 /* FirebaseAnalyticsSwift */; };
		C975125A2B62540200CFA166 /* FirebaseAnalyticsWithoutAdIdSupport in Frameworks */ = {isa = PBXBuildFile; productRef = C97512592B62540200CFA166 /* FirebaseAnalyticsWithoutAdIdSupport */; };
		C975125C2B62540200CFA166 /* FirebaseAppCheck in Frameworks */ = {isa = PBXBuildFile; productRef = C975125B2B62540200CFA166 /* FirebaseAppCheck */; };
		C975125E2B62540200CFA166 /* FirebaseAppDistribution-Beta in Frameworks */ = {isa = PBXBuildFile; productRef = C975125D2B62540200CFA166 /* FirebaseAppDistribution-Beta */; };
		C97512602B62540200CFA166 /* FirebaseAuth in Frameworks */ = {isa = PBXBuildFile; productRef = C975125F2B62540200CFA166 /* FirebaseAuth */; };
		C97512622B62540200CFA166 /* FirebaseAuthCombine-Community in Frameworks */ = {isa = PBXBuildFile; productRef = C97512612B62540200CFA166 /* FirebaseAuthCombine-Community */; };
		C97512642B62540200CFA166 /* FirebaseCrashlytics in Frameworks */ = {isa = PBXBuildFile; productRef = C97512632B62540200CFA166 /* FirebaseCrashlytics */; };
		C97512662B62540200CFA166 /* FirebaseDatabase in Frameworks */ = {isa = PBXBuildFile; productRef = C97512652B62540200CFA166 /* FirebaseDatabase */; };
		C97512682B62540200CFA166 /* FirebaseDatabaseSwift in Frameworks */ = {isa = PBXBuildFile; productRef = C97512672B62540200CFA166 /* FirebaseDatabaseSwift */; };
		C975126A2B62540200CFA166 /* FirebaseDynamicLinks in Frameworks */ = {isa = PBXBuildFile; productRef = C97512692B62540200CFA166 /* FirebaseDynamicLinks */; };
		C975126C2B62540200CFA166 /* FirebaseFirestore in Frameworks */ = {isa = PBXBuildFile; productRef = C975126B2B62540200CFA166 /* FirebaseFirestore */; };
		C975126E2B62540200CFA166 /* FirebaseFirestoreCombine-Community in Frameworks */ = {isa = PBXBuildFile; productRef = C975126D2B62540200CFA166 /* FirebaseFirestoreCombine-Community */; };
		C97512702B62540200CFA166 /* FirebaseFirestoreSwift in Frameworks */ = {isa = PBXBuildFile; productRef = C975126F2B62540200CFA166 /* FirebaseFirestoreSwift */; };
		C97512722B62540200CFA166 /* FirebaseFunctions in Frameworks */ = {isa = PBXBuildFile; productRef = C97512712B62540200CFA166 /* FirebaseFunctions */; };
		C97512742B62540200CFA166 /* FirebaseFunctionsCombine-Community in Frameworks */ = {isa = PBXBuildFile; productRef = C97512732B62540200CFA166 /* FirebaseFunctionsCombine-Community */; };
		C97512762B62540200CFA166 /* FirebaseInAppMessaging-Beta in Frameworks */ = {isa = PBXBuildFile; productRef = C97512752B62540200CFA166 /* FirebaseInAppMessaging-Beta */; };
		C97512782B62540200CFA166 /* FirebaseInAppMessagingSwift-Beta in Frameworks */ = {isa = PBXBuildFile; productRef = C97512772B62540200CFA166 /* FirebaseInAppMessagingSwift-Beta */; };
		C975127A2B62540200CFA166 /* FirebaseInstallations in Frameworks */ = {isa = PBXBuildFile; productRef = C97512792B62540200CFA166 /* FirebaseInstallations */; };
		C975127C2B62540200CFA166 /* FirebaseMLModelDownloader in Frameworks */ = {isa = PBXBuildFile; productRef = C975127B2B62540200CFA166 /* FirebaseMLModelDownloader */; };
		C975127E2B62540200CFA166 /* FirebaseMessaging in Frameworks */ = {isa = PBXBuildFile; productRef = C975127D2B62540200CFA166 /* FirebaseMessaging */; };
		C97512802B62540200CFA166 /* FirebasePerformance in Frameworks */ = {isa = PBXBuildFile; productRef = C975127F2B62540200CFA166 /* FirebasePerformance */; };
		C97512822B62540200CFA166 /* FirebaseRemoteConfig in Frameworks */ = {isa = PBXBuildFile; productRef = C97512812B62540200CFA166 /* FirebaseRemoteConfig */; };
		C97512842B62540200CFA166 /* FirebaseRemoteConfigSwift in Frameworks */ = {isa = PBXBuildFile; productRef = C97512832B62540200CFA166 /* FirebaseRemoteConfigSwift */; };
		C97512862B62540200CFA166 /* FirebaseStorage in Frameworks */ = {isa = PBXBuildFile; productRef = C97512852B62540200CFA166 /* FirebaseStorage */; };
		C97512882B62540200CFA166 /* FirebaseStorageCombine-Community in Frameworks */ = {isa = PBXBuildFile; productRef = C97512872B62540200CFA166 /* FirebaseStorageCombine-Community */; };
		C975128A2B62F69D00CFA166 /* AuthService.swift in Sources */ = {isa = PBXBuildFile; fileRef = C97512892B62F69D00CFA166 /* AuthService.swift */; };
		C975128C2B62F7CE00CFA166 /* LoginViewModel.swift in Sources */ = {isa = PBXBuildFile; fileRef = C975128B2B62F7CE00CFA166 /* LoginViewModel.swift */; };
		C975128E2B62FAD100CFA166 /* RegisterationViewModel.swift in Sources */ = {isa = PBXBuildFile; fileRef = C975128D2B62FAD100CFA166 /* RegisterationViewModel.swift */; };
		C97512912B63B70800CFA166 /* ContentViewModel.swift in Sources */ = {isa = PBXBuildFile; fileRef = C97512902B63B70800CFA166 /* ContentViewModel.swift */; };
		C97512DF2B64F5E300CFA166 /* User.swift in Sources */ = {isa = PBXBuildFile; fileRef = C97512DE2B64F5E300CFA166 /* User.swift */; };
		C97512E12B64F67800CFA166 /* UserService.swift in Sources */ = {isa = PBXBuildFile; fileRef = C97512E02B64F67800CFA166 /* UserService.swift */; };
		C97ACF192B5F220C004FA3D2 /* LoginView.swift in Sources */ = {isa = PBXBuildFile; fileRef = C97ACF182B5F220C004FA3D2 /* LoginView.swift */; };
		C97ACF1B2B5F221D004FA3D2 /* RegisterView.swift in Sources */ = {isa = PBXBuildFile; fileRef = C97ACF1A2B5F221D004FA3D2 /* RegisterView.swift */; };
/* End PBXBuildFile section */

/* Begin PBXContainerItemProxy section */
		C91B23CD2B535D9E00BAF6F8 /* PBXContainerItemProxy */ = {
			isa = PBXContainerItemProxy;
			containerPortal = C91B23B42B535D9B00BAF6F8 /* Project object */;
			proxyType = 1;
			remoteGlobalIDString = C91B23BB2B535D9B00BAF6F8;
			remoteInfo = "TikTok-SwiftUI";
		};
		C91B23D72B535D9E00BAF6F8 /* PBXContainerItemProxy */ = {
			isa = PBXContainerItemProxy;
			containerPortal = C91B23B42B535D9B00BAF6F8 /* Project object */;
			proxyType = 1;
			remoteGlobalIDString = C91B23BB2B535D9B00BAF6F8;
			remoteInfo = "TikTok-SwiftUI";
		};
/* End PBXContainerItemProxy section */

/* Begin PBXFileReference section */
		C91B23BC2B535D9B00BAF6F8 /* TikTok-SwiftUI.app */ = {isa = PBXFileReference; explicitFileType = wrapper.application; includeInIndex = 0; path = "TikTok-SwiftUI.app"; sourceTree = BUILT_PRODUCTS_DIR; };
		C91B23BF2B535D9B00BAF6F8 /* TikTok_SwiftUIApp.swift */ = {isa = PBXFileReference; lastKnownFileType = sourcecode.swift; path = TikTok_SwiftUIApp.swift; sourceTree = "<group>"; };
		C91B23C12B535D9B00BAF6F8 /* ContentView.swift */ = {isa = PBXFileReference; lastKnownFileType = sourcecode.swift; path = ContentView.swift; sourceTree = "<group>"; };
		C91B23C32B535D9D00BAF6F8 /* Assets.xcassets */ = {isa = PBXFileReference; lastKnownFileType = folder.assetcatalog; path = Assets.xcassets; sourceTree = "<group>"; };
		C91B23C62B535D9D00BAF6F8 /* Preview Assets.xcassets */ = {isa = PBXFileReference; lastKnownFileType = folder.assetcatalog; path = "Preview Assets.xcassets"; sourceTree = "<group>"; };
		C91B23CC2B535D9E00BAF6F8 /* TikTok-SwiftUITests.xctest */ = {isa = PBXFileReference; explicitFileType = wrapper.cfbundle; includeInIndex = 0; path = "TikTok-SwiftUITests.xctest"; sourceTree = BUILT_PRODUCTS_DIR; };
		C91B23D02B535D9E00BAF6F8 /* TikTok_SwiftUITests.swift */ = {isa = PBXFileReference; lastKnownFileType = sourcecode.swift; path = TikTok_SwiftUITests.swift; sourceTree = "<group>"; };
		C91B23D62B535D9E00BAF6F8 /* TikTok-SwiftUIUITests.xctest */ = {isa = PBXFileReference; explicitFileType = wrapper.cfbundle; includeInIndex = 0; path = "TikTok-SwiftUIUITests.xctest"; sourceTree = BUILT_PRODUCTS_DIR; };
		C91B23DA2B535D9E00BAF6F8 /* TikTok_SwiftUIUITests.swift */ = {isa = PBXFileReference; lastKnownFileType = sourcecode.swift; path = TikTok_SwiftUIUITests.swift; sourceTree = "<group>"; };
		C91B23DC2B535D9E00BAF6F8 /* TikTok_SwiftUIUITestsLaunchTests.swift */ = {isa = PBXFileReference; lastKnownFileType = sourcecode.swift; path = TikTok_SwiftUIUITestsLaunchTests.swift; sourceTree = "<group>"; };
		C91B23FE2B556C3A00BAF6F8 /* MainTabView.swift */ = {isa = PBXFileReference; lastKnownFileType = sourcecode.swift; path = MainTabView.swift; sourceTree = "<group>"; };
		C91B250C2B57B28800BAF6F8 /* FeedView.swift */ = {isa = PBXFileReference; lastKnownFileType = sourcecode.swift; path = FeedView.swift; sourceTree = "<group>"; };
		C91B250E2B57B3EC00BAF6F8 /* FeedCell.swift */ = {isa = PBXFileReference; lastKnownFileType = sourcecode.swift; path = FeedCell.swift; sourceTree = "<group>"; };
		C91EF14F2B5F1CDA00928FBA /* StandardTextFiledModifier.swift */ = {isa = PBXFileReference; lastKnownFileType = sourcecode.swift; path = StandardTextFiledModifier.swift; sourceTree = "<group>"; };
		C93FC6212B666AA3000D37EB /* PreviewProvider.swift */ = {isa = PBXFileReference; lastKnownFileType = sourcecode.swift; path = PreviewProvider.swift; sourceTree = "<group>"; };
		C93FC6252B666DF6000D37EB /* ExplorerViewModel.swift */ = {isa = PBXFileReference; lastKnownFileType = sourcecode.swift; path = ExplorerViewModel.swift; sourceTree = "<group>"; };
		C93FC62A2B667901000D37EB /* UserProfileView.swift */ = {isa = PBXFileReference; lastKnownFileType = sourcecode.swift; path = UserProfileView.swift; sourceTree = "<group>"; };
		C93FC66C2B66E78A000D37EB /* Firesstore+Constants.swift */ = {isa = PBXFileReference; lastKnownFileType = sourcecode.swift; path = "Firesstore+Constants.swift"; sourceTree = "<group>"; };
		C95BEFC92B59E0E600F6F796 /* ExplorerView.swift */ = {isa = PBXFileReference; lastKnownFileType = sourcecode.swift; path = ExplorerView.swift; sourceTree = "<group>"; };
		C95BEFCB2B59E0F300F6F796 /* UserCell.swift */ = {isa = PBXFileReference; lastKnownFileType = sourcecode.swift; path = UserCell.swift; sourceTree = "<group>"; };
		C95BEFCD2B59E5B900F6F796 /* NotificationView.swift */ = {isa = PBXFileReference; lastKnownFileType = sourcecode.swift; path = NotificationView.swift; sourceTree = "<group>"; };
		C95BEFCF2B59E5CA00F6F796 /* NotificationCell.swift */ = {isa = PBXFileReference; lastKnownFileType = sourcecode.swift; path = NotificationCell.swift; sourceTree = "<group>"; };
		C95BEFD12B5B23FD00F6F796 /* CurrentUserProfileView.swift */ = {isa = PBXFileReference; lastKnownFileType = sourcecode.swift; path = CurrentUserProfileView.swift; sourceTree = "<group>"; };
		C95BEFD32B5B246800F6F796 /* ProfileHeaderView.swift */ = {isa = PBXFileReference; lastKnownFileType = sourcecode.swift; path = ProfileHeaderView.swift; sourceTree = "<group>"; };
		C95BEFD52B5B247A00F6F796 /* PostGrideView.swift */ = {isa = PBXFileReference; lastKnownFileType = sourcecode.swift; path = PostGrideView.swift; sourceTree = "<group>"; };
		C95BEFD82B5B268200F6F796 /* UserStateView.swift */ = {isa = PBXFileReference; lastKnownFileType = sourcecode.swift; path = UserStateView.swift; sourceTree = "<group>"; };
		C95BEFDC2B5C51AD00F6F796 /* Post.swift */ = {isa = PBXFileReference; lastKnownFileType = sourcecode.swift; path = Post.swift; sourceTree = "<group>"; };
		C95BEFE12B5C528700F6F796 /* FeedViewModel.swift */ = {isa = PBXFileReference; lastKnownFileType = sourcecode.swift; path = FeedViewModel.swift; sourceTree = "<group>"; };
		C95BEFE32B5C574B00F6F796 /* Info.plist */ = {isa = PBXFileReference; lastKnownFileType = text.plist; path = Info.plist; sourceTree = "<group>"; };
		C95BEFE42B5C717400F6F796 /* CustomVideoPlayer.swift */ = {isa = PBXFileReference; lastKnownFileType = sourcecode.swift; path = CustomVideoPlayer.swift; sourceTree = "<group>"; };
		C975124E2B606E5700CFA166 /* AuthenticationFormProtocol.swift */ = {isa = PBXFileReference; lastKnownFileType = sourcecode.swift; path = AuthenticationFormProtocol.swift; sourceTree = "<group>"; };
		C97512502B624D6C00CFA166 /* GoogleService-Info.plist */ = {isa = PBXFileReference; fileEncoding = 4; lastKnownFileType = text.plist.xml; path = "GoogleService-Info.plist"; sourceTree = "<group>"; };
		C97512892B62F69D00CFA166 /* AuthService.swift */ = {isa = PBXFileReference; lastKnownFileType = sourcecode.swift; path = AuthService.swift; sourceTree = "<group>"; };
		C975128B2B62F7CE00CFA166 /* LoginViewModel.swift */ = {isa = PBXFileReference; lastKnownFileType = sourcecode.swift; path = LoginViewModel.swift; sourceTree = "<group>"; };
		C975128D2B62FAD100CFA166 /* RegisterationViewModel.swift */ = {isa = PBXFileReference; lastKnownFileType = sourcecode.swift; path = RegisterationViewModel.swift; sourceTree = "<group>"; };
		C97512902B63B70800CFA166 /* ContentViewModel.swift */ = {isa = PBXFileReference; lastKnownFileType = sourcecode.swift; path = ContentViewModel.swift; sourceTree = "<group>"; };
		C97512DE2B64F5E300CFA166 /* User.swift */ = {isa = PBXFileReference; lastKnownFileType = sourcecode.swift; path = User.swift; sourceTree = "<group>"; };
		C97512E02B64F67800CFA166 /* UserService.swift */ = {isa = PBXFileReference; lastKnownFileType = sourcecode.swift; path = UserService.swift; sourceTree = "<group>"; };
		C97ACF182B5F220C004FA3D2 /* LoginView.swift */ = {isa = PBXFileReference; lastKnownFileType = sourcecode.swift; path = LoginView.swift; sourceTree = "<group>"; };
		C97ACF1A2B5F221D004FA3D2 /* RegisterView.swift */ = {isa = PBXFileReference; lastKnownFileType = sourcecode.swift; path = RegisterView.swift; sourceTree = "<group>"; };
/* End PBXFileReference section */

/* Begin PBXFrameworksBuildPhase section */
		C91B23B92B535D9B00BAF6F8 /* Frameworks */ = {
			isa = PBXFrameworksBuildPhase;
			buildActionMask = 2147483647;
			files = (
				C97512662B62540200CFA166 /* FirebaseDatabase in Frameworks */,
				C97512742B62540200CFA166 /* FirebaseFunctionsCombine-Community in Frameworks */,
				C975126C2B62540200CFA166 /* FirebaseFirestore in Frameworks */,
				C97512582B62540200CFA166 /* FirebaseAnalyticsSwift in Frameworks */,
				C97512542B62540200CFA166 /* FirebaseAnalytics in Frameworks */,
				C97512562B62540200CFA166 /* FirebaseAnalyticsOnDeviceConversion in Frameworks */,
				C975127C2B62540200CFA166 /* FirebaseMLModelDownloader in Frameworks */,
				C97512702B62540200CFA166 /* FirebaseFirestoreSwift in Frameworks */,
				C975125C2B62540200CFA166 /* FirebaseAppCheck in Frameworks */,
				C975125A2B62540200CFA166 /* FirebaseAnalyticsWithoutAdIdSupport in Frameworks */,
				C97512602B62540200CFA166 /* FirebaseAuth in Frameworks */,
				C97512642B62540200CFA166 /* FirebaseCrashlytics in Frameworks */,
				C97512842B62540200CFA166 /* FirebaseRemoteConfigSwift in Frameworks */,
				C97512762B62540200CFA166 /* FirebaseInAppMessaging-Beta in Frameworks */,
				C97512682B62540200CFA166 /* FirebaseDatabaseSwift in Frameworks */,
				C97512722B62540200CFA166 /* FirebaseFunctions in Frameworks */,
				C97512882B62540200CFA166 /* FirebaseStorageCombine-Community in Frameworks */,
				C97512822B62540200CFA166 /* FirebaseRemoteConfig in Frameworks */,
				C975125E2B62540200CFA166 /* FirebaseAppDistribution-Beta in Frameworks */,
				C97512622B62540200CFA166 /* FirebaseAuthCombine-Community in Frameworks */,
				C97512802B62540200CFA166 /* FirebasePerformance in Frameworks */,
				C97512782B62540200CFA166 /* FirebaseInAppMessagingSwift-Beta in Frameworks */,
				C97512862B62540200CFA166 /* FirebaseStorage in Frameworks */,
				C975126A2B62540200CFA166 /* FirebaseDynamicLinks in Frameworks */,
				C975126E2B62540200CFA166 /* FirebaseFirestoreCombine-Community in Frameworks */,
				C975127E2B62540200CFA166 /* FirebaseMessaging in Frameworks */,
				C975127A2B62540200CFA166 /* FirebaseInstallations in Frameworks */,
			);
			runOnlyForDeploymentPostprocessing = 0;
		};
		C91B23C92B535D9E00BAF6F8 /* Frameworks */ = {
			isa = PBXFrameworksBuildPhase;
			buildActionMask = 2147483647;
			files = (
			);
			runOnlyForDeploymentPostprocessing = 0;
		};
		C91B23D32B535D9E00BAF6F8 /* Frameworks */ = {
			isa = PBXFrameworksBuildPhase;
			buildActionMask = 2147483647;
			files = (
			);
			runOnlyForDeploymentPostprocessing = 0;
		};
/* End PBXFrameworksBuildPhase section */

/* Begin PBXGroup section */
		C91B23B32B535D9B00BAF6F8 = {
			isa = PBXGroup;
			children = (
				C91B23BE2B535D9B00BAF6F8 /* TikTok-SwiftUI */,
				C91B23CF2B535D9E00BAF6F8 /* TikTok-SwiftUITests */,
				C91B23D92B535D9E00BAF6F8 /* TikTok-SwiftUIUITests */,
				C91B23BD2B535D9B00BAF6F8 /* Products */,
				C97512E22B64F70C00CFA166 /* Frameworks */,
			);
			sourceTree = "<group>";
		};
		C91B23BD2B535D9B00BAF6F8 /* Products */ = {
			isa = PBXGroup;
			children = (
				C91B23BC2B535D9B00BAF6F8 /* TikTok-SwiftUI.app */,
				C91B23CC2B535D9E00BAF6F8 /* TikTok-SwiftUITests.xctest */,
				C91B23D62B535D9E00BAF6F8 /* TikTok-SwiftUIUITests.xctest */,
			);
			name = Products;
			sourceTree = "<group>";
		};
		C91B23BE2B535D9B00BAF6F8 /* TikTok-SwiftUI */ = {
			isa = PBXGroup;
			children = (
				C95BEFE32B5C574B00F6F796 /* Info.plist */,
				C91B23F32B5567A600BAF6F8 /* App */,
				C91B23F22B5567A200BAF6F8 /* Core */,
				C91B23F12B55679D00BAF6F8 /* Extension */,
				C91B23F02B55679A00BAF6F8 /* Model */,
				C91B23EF2B55679500BAF6F8 /* Services */,
				C91B23EE2B55679000BAF6F8 /* Util */,
				C91B23C32B535D9D00BAF6F8 /* Assets.xcassets */,
				C97512502B624D6C00CFA166 /* GoogleService-Info.plist */,
				C91B23C52B535D9D00BAF6F8 /* Preview Content */,
			);
			path = "TikTok-SwiftUI";
			sourceTree = "<group>";
		};
		C91B23C52B535D9D00BAF6F8 /* Preview Content */ = {
			isa = PBXGroup;
			children = (
				C91B23C62B535D9D00BAF6F8 /* Preview Assets.xcassets */,
			);
			path = "Preview Content";
			sourceTree = "<group>";
		};
		C91B23CF2B535D9E00BAF6F8 /* TikTok-SwiftUITests */ = {
			isa = PBXGroup;
			children = (
				C91B23D02B535D9E00BAF6F8 /* TikTok_SwiftUITests.swift */,
			);
			path = "TikTok-SwiftUITests";
			sourceTree = "<group>";
		};
		C91B23D92B535D9E00BAF6F8 /* TikTok-SwiftUIUITests */ = {
			isa = PBXGroup;
			children = (
				C91B23DA2B535D9E00BAF6F8 /* TikTok_SwiftUIUITests.swift */,
				C91B23DC2B535D9E00BAF6F8 /* TikTok_SwiftUIUITestsLaunchTests.swift */,
			);
			path = "TikTok-SwiftUIUITests";
			sourceTree = "<group>";
		};
		C91B23EE2B55679000BAF6F8 /* Util */ = {
			isa = PBXGroup;
			children = (
				C93FC66B2B66E76A000D37EB /* Constants */,
				C91EF14F2B5F1CDA00928FBA /* StandardTextFiledModifier.swift */,
			);
			path = Util;
			sourceTree = "<group>";
		};
		C91B23EF2B55679500BAF6F8 /* Services */ = {
			isa = PBXGroup;
			children = (
				C97512E02B64F67800CFA166 /* UserService.swift */,
			);
			path = Services;
			sourceTree = "<group>";
		};
		C91B23F02B55679A00BAF6F8 /* Model */ = {
			isa = PBXGroup;
			children = (
				C95BEFDC2B5C51AD00F6F796 /* Post.swift */,
				C97512DE2B64F5E300CFA166 /* User.swift */,
			);
			path = Model;
			sourceTree = "<group>";
		};
		C91B23F12B55679D00BAF6F8 /* Extension */ = {
			isa = PBXGroup;
			children = (
				C93FC6212B666AA3000D37EB /* PreviewProvider.swift */,
			);
			path = Extension;
			sourceTree = "<group>";
		};
		C91B23F22B5567A200BAF6F8 /* Core */ = {
			isa = PBXGroup;
			children = (
				C91B23FD2B55681A00BAF6F8 /* Authentication */,
				C91B23FC2B55681600BAF6F8 /* Comments */,
				C91B23FB2B55681400BAF6F8 /* Components */,
				C91B23FA2B55681100BAF6F8 /* Feed */,
				C91B23F92B55680F00BAF6F8 /* Notification */,
				C91B23F82B55680D00BAF6F8 /* Profile */,
				C91B23F72B55680A00BAF6F8 /* Root */,
				C91B23F62B55680700BAF6F8 /* Search */,
				C91B23F52B55680400BAF6F8 /* TabBar */,
				C91B23F42B5567FB00BAF6F8 /* UploadingMedia */,
			);
			path = Core;
			sourceTree = "<group>";
		};
		C91B23F32B5567A600BAF6F8 /* App */ = {
			isa = PBXGroup;
			children = (
				C91B23BF2B535D9B00BAF6F8 /* TikTok_SwiftUIApp.swift */,
			);
			path = App;
			sourceTree = "<group>";
		};
		C91B23F42B5567FB00BAF6F8 /* UploadingMedia */ = {
			isa = PBXGroup;
			children = (
			);
			path = UploadingMedia;
			sourceTree = "<group>";
		};
		C91B23F52B55680400BAF6F8 /* TabBar */ = {
			isa = PBXGroup;
			children = (
				C91B23FE2B556C3A00BAF6F8 /* MainTabView.swift */,
			);
			path = TabBar;
			sourceTree = "<group>";
		};
		C91B23F62B55680700BAF6F8 /* Search */ = {
			isa = PBXGroup;
			children = (
				C93FC6242B666DC5000D37EB /* View */,
				C93FC6232B666DC2000D37EB /* ViewModel */,
				C95BEFC92B59E0E600F6F796 /* ExplorerView.swift */,
				C95BEFCB2B59E0F300F6F796 /* UserCell.swift */,
			);
			path = Search;
			sourceTree = "<group>";
		};
		C91B23F72B55680A00BAF6F8 /* Root */ = {
			isa = PBXGroup;
			children = (
				C91B23C12B535D9B00BAF6F8 /* ContentView.swift */,
				C97512902B63B70800CFA166 /* ContentViewModel.swift */,
			);
			path = Root;
			sourceTree = "<group>";
		};
		C91B23F82B55680D00BAF6F8 /* Profile */ = {
			isa = PBXGroup;
			children = (
				C93FC6272B6677D6000D37EB /* View */,
				C95BEFD72B5B265300F6F796 /* Component */,
			);
			path = Profile;
			sourceTree = "<group>";
		};
		C91B23F92B55680F00BAF6F8 /* Notification */ = {
			isa = PBXGroup;
			children = (
				C95BEFCD2B59E5B900F6F796 /* NotificationView.swift */,
				C95BEFCF2B59E5CA00F6F796 /* NotificationCell.swift */,
			);
			path = Notification;
			sourceTree = "<group>";
		};
		C91B23FA2B55681100BAF6F8 /* Feed */ = {
			isa = PBXGroup;
			children = (
				C95BEFE02B5C526C00F6F796 /* Service */,
				C95BEFDF2B5C526900F6F796 /* View */,
				C95BEFDE2B5C526600F6F796 /* ViewModel */,
			);
			path = Feed;
			sourceTree = "<group>";
		};
		C91B23FB2B55681400BAF6F8 /* Components */ = {
			isa = PBXGroup;
			children = (
				C95BEFE42B5C717400F6F796 /* CustomVideoPlayer.swift */,
			);
			path = Components;
			sourceTree = "<group>";
		};
		C91B23FC2B55681600BAF6F8 /* Comments */ = {
			isa = PBXGroup;
			children = (
			);
			name = Comments;
			sourceTree = "<group>";
		};
		C91B23FD2B55681A00BAF6F8 /* Authentication */ = {
			isa = PBXGroup;
			children = (
				C975128F2B63B50C00CFA166 /* Service */,
				C97ACF162B5F21D7004FA3D2 /* Model */,
				C97ACF142B5F21CE004FA3D2 /* Protocols */,
				C97ACF112B5F21C0004FA3D2 /* View */,
				C97ACF102B5F21B5004FA3D2 /* ViewModel */,
			);
			path = Authentication;
			sourceTree = "<group>";
		};
		C93FC6232B666DC2000D37EB /* ViewModel */ = {
			isa = PBXGroup;
			children = (
				C93FC6252B666DF6000D37EB /* ExplorerViewModel.swift */,
			);
			path = ViewModel;
			sourceTree = "<group>";
		};
		C93FC6242B666DC5000D37EB /* View */ = {
			isa = PBXGroup;
			children = (
			);
			path = View;
			sourceTree = "<group>";
		};
		C93FC6272B6677D6000D37EB /* View */ = {
			isa = PBXGroup;
			children = (
				C95BEFD12B5B23FD00F6F796 /* CurrentUserProfileView.swift */,
				C93FC62A2B667901000D37EB /* UserProfileView.swift */,
			);
			path = View;
			sourceTree = "<group>";
		};
		C93FC66B2B66E76A000D37EB /* Constants */ = {
			isa = PBXGroup;
			children = (
				C93FC66C2B66E78A000D37EB /* Firesstore+Constants.swift */,
			);
			path = Constants;
			sourceTree = "<group>";
		};
		C95BEFD72B5B265300F6F796 /* Component */ = {
			isa = PBXGroup;
			children = (
				C95BEFD32B5B246800F6F796 /* ProfileHeaderView.swift */,
				C95BEFD52B5B247A00F6F796 /* PostGrideView.swift */,
				C95BEFD82B5B268200F6F796 /* UserStateView.swift */,
			);
			path = Component;
			sourceTree = "<group>";
		};
		C95BEFDE2B5C526600F6F796 /* ViewModel */ = {
			isa = PBXGroup;
			children = (
				C95BEFE12B5C528700F6F796 /* FeedViewModel.swift */,
			);
			path = ViewModel;
			sourceTree = "<group>";
		};
		C95BEFDF2B5C526900F6F796 /* View */ = {
			isa = PBXGroup;
			children = (
				C91B250C2B57B28800BAF6F8 /* FeedView.swift */,
				C91B250E2B57B3EC00BAF6F8 /* FeedCell.swift */,
			);
			path = View;
			sourceTree = "<group>";
		};
		C95BEFE02B5C526C00F6F796 /* Service */ = {
			isa = PBXGroup;
			children = (
			);
			path = Service;
			sourceTree = "<group>";
		};
		C975128F2B63B50C00CFA166 /* Service */ = {
			isa = PBXGroup;
			children = (
				C97512892B62F69D00CFA166 /* AuthService.swift */,
			);
			path = Service;
			sourceTree = "<group>";
		};
		C97512E22B64F70C00CFA166 /* Frameworks */ = {
			isa = PBXGroup;
			children = (
			);
			name = Frameworks;
			sourceTree = "<group>";
		};
		C97ACF102B5F21B5004FA3D2 /* ViewModel */ = {
			isa = PBXGroup;
			children = (
				C975128B2B62F7CE00CFA166 /* LoginViewModel.swift */,
				C975128D2B62FAD100CFA166 /* RegisterationViewModel.swift */,
			);
			path = ViewModel;
			sourceTree = "<group>";
		};
		C97ACF112B5F21C0004FA3D2 /* View */ = {
			isa = PBXGroup;
			children = (
				C97ACF182B5F220C004FA3D2 /* LoginView.swift */,
				C97ACF1A2B5F221D004FA3D2 /* RegisterView.swift */,
			);
			path = View;
			sourceTree = "<group>";
		};
		C97ACF142B5F21CE004FA3D2 /* Protocols */ = {
			isa = PBXGroup;
			children = (
				C975124E2B606E5700CFA166 /* AuthenticationFormProtocol.swift */,
			);
			path = Protocols;
			sourceTree = "<group>";
		};
		C97ACF162B5F21D7004FA3D2 /* Model */ = {
			isa = PBXGroup;
			children = (
			);
			path = Model;
			sourceTree = "<group>";
		};
/* End PBXGroup section */

/* Begin PBXNativeTarget section */
		C91B23BB2B535D9B00BAF6F8 /* TikTok-SwiftUI */ = {
			isa = PBXNativeTarget;
			buildConfigurationList = C91B23E02B535D9E00BAF6F8 /* Build configuration list for PBXNativeTarget "TikTok-SwiftUI" */;
			buildPhases = (
				C91B23B82B535D9B00BAF6F8 /* Sources */,
				C91B23B92B535D9B00BAF6F8 /* Frameworks */,
				C91B23BA2B535D9B00BAF6F8 /* Resources */,
			);
			buildRules = (
			);
			dependencies = (
			);
			name = "TikTok-SwiftUI";
			packageProductDependencies = (
				C97512532B62540200CFA166 /* FirebaseAnalytics */,
				C97512552B62540200CFA166 /* FirebaseAnalyticsOnDeviceConversion */,
				C97512572B62540200CFA166 /* FirebaseAnalyticsSwift */,
				C97512592B62540200CFA166 /* FirebaseAnalyticsWithoutAdIdSupport */,
				C975125B2B62540200CFA166 /* FirebaseAppCheck */,
				C975125D2B62540200CFA166 /* FirebaseAppDistribution-Beta */,
				C975125F2B62540200CFA166 /* FirebaseAuth */,
				C97512612B62540200CFA166 /* FirebaseAuthCombine-Community */,
				C97512632B62540200CFA166 /* FirebaseCrashlytics */,
				C97512652B62540200CFA166 /* FirebaseDatabase */,
				C97512672B62540200CFA166 /* FirebaseDatabaseSwift */,
				C97512692B62540200CFA166 /* FirebaseDynamicLinks */,
				C975126B2B62540200CFA166 /* FirebaseFirestore */,
				C975126D2B62540200CFA166 /* FirebaseFirestoreCombine-Community */,
				C975126F2B62540200CFA166 /* FirebaseFirestoreSwift */,
				C97512712B62540200CFA166 /* FirebaseFunctions */,
				C97512732B62540200CFA166 /* FirebaseFunctionsCombine-Community */,
				C97512752B62540200CFA166 /* FirebaseInAppMessaging-Beta */,
				C97512772B62540200CFA166 /* FirebaseInAppMessagingSwift-Beta */,
				C97512792B62540200CFA166 /* FirebaseInstallations */,
				C975127B2B62540200CFA166 /* FirebaseMLModelDownloader */,
				C975127D2B62540200CFA166 /* FirebaseMessaging */,
				C975127F2B62540200CFA166 /* FirebasePerformance */,
				C97512812B62540200CFA166 /* FirebaseRemoteConfig */,
				C97512832B62540200CFA166 /* FirebaseRemoteConfigSwift */,
				C97512852B62540200CFA166 /* FirebaseStorage */,
				C97512872B62540200CFA166 /* FirebaseStorageCombine-Community */,
			);
			productName = "TikTok-SwiftUI";
			productReference = C91B23BC2B535D9B00BAF6F8 /* TikTok-SwiftUI.app */;
			productType = "com.apple.product-type.application";
		};
		C91B23CB2B535D9E00BAF6F8 /* TikTok-SwiftUITests */ = {
			isa = PBXNativeTarget;
			buildConfigurationList = C91B23E32B535D9E00BAF6F8 /* Build configuration list for PBXNativeTarget "TikTok-SwiftUITests" */;
			buildPhases = (
				C91B23C82B535D9E00BAF6F8 /* Sources */,
				C91B23C92B535D9E00BAF6F8 /* Frameworks */,
				C91B23CA2B535D9E00BAF6F8 /* Resources */,
			);
			buildRules = (
			);
			dependencies = (
				C91B23CE2B535D9E00BAF6F8 /* PBXTargetDependency */,
			);
			name = "TikTok-SwiftUITests";
			productName = "TikTok-SwiftUITests";
			productReference = C91B23CC2B535D9E00BAF6F8 /* TikTok-SwiftUITests.xctest */;
			productType = "com.apple.product-type.bundle.unit-test";
		};
		C91B23D52B535D9E00BAF6F8 /* TikTok-SwiftUIUITests */ = {
			isa = PBXNativeTarget;
			buildConfigurationList = C91B23E62B535D9E00BAF6F8 /* Build configuration list for PBXNativeTarget "TikTok-SwiftUIUITests" */;
			buildPhases = (
				C91B23D22B535D9E00BAF6F8 /* Sources */,
				C91B23D32B535D9E00BAF6F8 /* Frameworks */,
				C91B23D42B535D9E00BAF6F8 /* Resources */,
			);
			buildRules = (
			);
			dependencies = (
				C91B23D82B535D9E00BAF6F8 /* PBXTargetDependency */,
			);
			name = "TikTok-SwiftUIUITests";
			productName = "TikTok-SwiftUIUITests";
			productReference = C91B23D62B535D9E00BAF6F8 /* TikTok-SwiftUIUITests.xctest */;
			productType = "com.apple.product-type.bundle.ui-testing";
		};
/* End PBXNativeTarget section */

/* Begin PBXProject section */
		C91B23B42B535D9B00BAF6F8 /* Project object */ = {
			isa = PBXProject;
			attributes = {
				BuildIndependentTargetsInParallel = 1;
				LastSwiftUpdateCheck = 1520;
				LastUpgradeCheck = 1520;
				TargetAttributes = {
					C91B23BB2B535D9B00BAF6F8 = {
						CreatedOnToolsVersion = 15.2;
					};
					C91B23CB2B535D9E00BAF6F8 = {
						CreatedOnToolsVersion = 15.2;
						TestTargetID = C91B23BB2B535D9B00BAF6F8;
					};
					C91B23D52B535D9E00BAF6F8 = {
						CreatedOnToolsVersion = 15.2;
						TestTargetID = C91B23BB2B535D9B00BAF6F8;
					};
				};
			};
			buildConfigurationList = C91B23B72B535D9B00BAF6F8 /* Build configuration list for PBXProject "TikTok-SwiftUI" */;
			compatibilityVersion = "Xcode 14.0";
			developmentRegion = en;
			hasScannedForEncodings = 0;
			knownRegions = (
				en,
				Base,
			);
			mainGroup = C91B23B32B535D9B00BAF6F8;
			packageReferences = (
				C97512522B6251E900CFA166 /* XCRemoteSwiftPackageReference "firebase-ios-sdk" */,
			);
			productRefGroup = C91B23BD2B535D9B00BAF6F8 /* Products */;
			projectDirPath = "";
			projectRoot = "";
			targets = (
				C91B23BB2B535D9B00BAF6F8 /* TikTok-SwiftUI */,
				C91B23CB2B535D9E00BAF6F8 /* TikTok-SwiftUITests */,
				C91B23D52B535D9E00BAF6F8 /* TikTok-SwiftUIUITests */,
			);
		};
/* End PBXProject section */

/* Begin PBXResourcesBuildPhase section */
		C91B23BA2B535D9B00BAF6F8 /* Resources */ = {
			isa = PBXResourcesBuildPhase;
			buildActionMask = 2147483647;
			files = (
				C91B23C72B535D9D00BAF6F8 /* Preview Assets.xcassets in Resources */,
				C91B23C42B535D9D00BAF6F8 /* Assets.xcassets in Resources */,
				C97512512B624D6C00CFA166 /* GoogleService-Info.plist in Resources */,
			);
			runOnlyForDeploymentPostprocessing = 0;
		};
		C91B23CA2B535D9E00BAF6F8 /* Resources */ = {
			isa = PBXResourcesBuildPhase;
			buildActionMask = 2147483647;
			files = (
			);
			runOnlyForDeploymentPostprocessing = 0;
		};
		C91B23D42B535D9E00BAF6F8 /* Resources */ = {
			isa = PBXResourcesBuildPhase;
			buildActionMask = 2147483647;
			files = (
			);
			runOnlyForDeploymentPostprocessing = 0;
		};
/* End PBXResourcesBuildPhase section */

/* Begin PBXSourcesBuildPhase section */
		C91B23B82B535D9B00BAF6F8 /* Sources */ = {
			isa = PBXSourcesBuildPhase;
			buildActionMask = 2147483647;
			files = (
				C91B250D2B57B28800BAF6F8 /* FeedView.swift in Sources */,
				C95BEFE52B5C717400F6F796 /* CustomVideoPlayer.swift in Sources */,
				C975128C2B62F7CE00CFA166 /* LoginViewModel.swift in Sources */,
				C93FC6262B666DF6000D37EB /* ExplorerViewModel.swift in Sources */,
				C97512DF2B64F5E300CFA166 /* User.swift in Sources */,
				C975128E2B62FAD100CFA166 /* RegisterationViewModel.swift in Sources */,
				C95BEFD02B59E5CA00F6F796 /* NotificationCell.swift in Sources */,
				C93FC66D2B66E78A000D37EB /* Firesstore+Constants.swift in Sources */,
				C97512E12B64F67800CFA166 /* UserService.swift in Sources */,
				C93FC6222B666AA3000D37EB /* PreviewProvider.swift in Sources */,
				C95BEFD42B5B246800F6F796 /* ProfileHeaderView.swift in Sources */,
				C91B250F2B57B3EC00BAF6F8 /* FeedCell.swift in Sources */,
				C91B23C22B535D9B00BAF6F8 /* ContentView.swift in Sources */,
				C97512912B63B70800CFA166 /* ContentViewModel.swift in Sources */,
				C975128A2B62F69D00CFA166 /* AuthService.swift in Sources */,
				C95BEFE22B5C528700F6F796 /* FeedViewModel.swift in Sources */,
				C95BEFDD2B5C51AD00F6F796 /* Post.swift in Sources */,
				C95BEFCE2B59E5B900F6F796 /* NotificationView.swift in Sources */,
				C97ACF1B2B5F221D004FA3D2 /* RegisterView.swift in Sources */,
				C975124F2B606E5700CFA166 /* AuthenticationFormProtocol.swift in Sources */,
				C95BEFD92B5B268200F6F796 /* UserStateView.swift in Sources */,
				C97ACF192B5F220C004FA3D2 /* LoginView.swift in Sources */,
				C91EF1502B5F1CDA00928FBA /* StandardTextFiledModifier.swift in Sources */,
				C95BEFD62B5B247A00F6F796 /* PostGrideView.swift in Sources */,
				C91B23C02B535D9B00BAF6F8 /* TikTok_SwiftUIApp.swift in Sources */,
				C91B23FF2B556C3A00BAF6F8 /* MainTabView.swift in Sources */,
				C93FC62B2B667901000D37EB /* UserProfileView.swift in Sources */,
				C95BEFD22B5B23FD00F6F796 /* CurrentUserProfileView.swift in Sources */,
				C95BEFCA2B59E0E600F6F796 /* ExplorerView.swift in Sources */,
				C95BEFCC2B59E0F300F6F796 /* UserCell.swift in Sources */,
			);
			runOnlyForDeploymentPostprocessing = 0;
		};
		C91B23C82B535D9E00BAF6F8 /* Sources */ = {
			isa = PBXSourcesBuildPhase;
			buildActionMask = 2147483647;
			files = (
				C91B23D12B535D9E00BAF6F8 /* TikTok_SwiftUITests.swift in Sources */,
			);
			runOnlyForDeploymentPostprocessing = 0;
		};
		C91B23D22B535D9E00BAF6F8 /* Sources */ = {
			isa = PBXSourcesBuildPhase;
			buildActionMask = 2147483647;
			files = (
				C91B23DD2B535D9E00BAF6F8 /* TikTok_SwiftUIUITestsLaunchTests.swift in Sources */,
				C91B23DB2B535D9E00BAF6F8 /* TikTok_SwiftUIUITests.swift in Sources */,
			);
			runOnlyForDeploymentPostprocessing = 0;
		};
/* End PBXSourcesBuildPhase section */

/* Begin PBXTargetDependency section */
		C91B23CE2B535D9E00BAF6F8 /* PBXTargetDependency */ = {
			isa = PBXTargetDependency;
			target = C91B23BB2B535D9B00BAF6F8 /* TikTok-SwiftUI */;
			targetProxy = C91B23CD2B535D9E00BAF6F8 /* PBXContainerItemProxy */;
		};
		C91B23D82B535D9E00BAF6F8 /* PBXTargetDependency */ = {
			isa = PBXTargetDependency;
			target = C91B23BB2B535D9B00BAF6F8 /* TikTok-SwiftUI */;
			targetProxy = C91B23D72B535D9E00BAF6F8 /* PBXContainerItemProxy */;
		};
/* End PBXTargetDependency section */

/* Begin XCBuildConfiguration section */
		C91B23DE2B535D9E00BAF6F8 /* Debug */ = {
			isa = XCBuildConfiguration;
			buildSettings = {
				ALWAYS_SEARCH_USER_PATHS = NO;
				ASSETCATALOG_COMPILER_GENERATE_SWIFT_ASSET_SYMBOL_EXTENSIONS = YES;
				CLANG_ANALYZER_NONNULL = YES;
				CLANG_ANALYZER_NUMBER_OBJECT_CONVERSION = YES_AGGRESSIVE;
				CLANG_CXX_LANGUAGE_STANDARD = "gnu++20";
				CLANG_ENABLE_MODULES = YES;
				CLANG_ENABLE_OBJC_ARC = YES;
				CLANG_ENABLE_OBJC_WEAK = YES;
				CLANG_WARN_BLOCK_CAPTURE_AUTORELEASING = YES;
				CLANG_WARN_BOOL_CONVERSION = YES;
				CLANG_WARN_COMMA = YES;
				CLANG_WARN_CONSTANT_CONVERSION = YES;
				CLANG_WARN_DEPRECATED_OBJC_IMPLEMENTATIONS = YES;
				CLANG_WARN_DIRECT_OBJC_ISA_USAGE = YES_ERROR;
				CLANG_WARN_DOCUMENTATION_COMMENTS = YES;
				CLANG_WARN_EMPTY_BODY = YES;
				CLANG_WARN_ENUM_CONVERSION = YES;
				CLANG_WARN_INFINITE_RECURSION = YES;
				CLANG_WARN_INT_CONVERSION = YES;
				CLANG_WARN_NON_LITERAL_NULL_CONVERSION = YES;
				CLANG_WARN_OBJC_IMPLICIT_RETAIN_SELF = YES;
				CLANG_WARN_OBJC_LITERAL_CONVERSION = YES;
				CLANG_WARN_OBJC_ROOT_CLASS = YES_ERROR;
				CLANG_WARN_QUOTED_INCLUDE_IN_FRAMEWORK_HEADER = YES;
				CLANG_WARN_RANGE_LOOP_ANALYSIS = YES;
				CLANG_WARN_STRICT_PROTOTYPES = YES;
				CLANG_WARN_SUSPICIOUS_MOVE = YES;
				CLANG_WARN_UNGUARDED_AVAILABILITY = YES_AGGRESSIVE;
				CLANG_WARN_UNREACHABLE_CODE = YES;
				CLANG_WARN__DUPLICATE_METHOD_MATCH = YES;
				COPY_PHASE_STRIP = NO;
				DEBUG_INFORMATION_FORMAT = dwarf;
				ENABLE_STRICT_OBJC_MSGSEND = YES;
				ENABLE_TESTABILITY = YES;
				ENABLE_USER_SCRIPT_SANDBOXING = YES;
				GCC_C_LANGUAGE_STANDARD = gnu17;
				GCC_DYNAMIC_NO_PIC = NO;
				GCC_NO_COMMON_BLOCKS = YES;
				GCC_OPTIMIZATION_LEVEL = 0;
				GCC_PREPROCESSOR_DEFINITIONS = (
					"DEBUG=1",
					"$(inherited)",
				);
				GCC_WARN_64_TO_32_BIT_CONVERSION = YES;
				GCC_WARN_ABOUT_RETURN_TYPE = YES_ERROR;
				GCC_WARN_UNDECLARED_SELECTOR = YES;
				GCC_WARN_UNINITIALIZED_AUTOS = YES_AGGRESSIVE;
				GCC_WARN_UNUSED_FUNCTION = YES;
				GCC_WARN_UNUSED_VARIABLE = YES;
				IPHONEOS_DEPLOYMENT_TARGET = 17.2;
				LOCALIZATION_PREFERS_STRING_CATALOGS = YES;
				MTL_ENABLE_DEBUG_INFO = INCLUDE_SOURCE;
				MTL_FAST_MATH = YES;
				ONLY_ACTIVE_ARCH = YES;
				SDKROOT = iphoneos;
				SWIFT_ACTIVE_COMPILATION_CONDITIONS = "DEBUG $(inherited)";
				SWIFT_OPTIMIZATION_LEVEL = "-Onone";
			};
			name = Debug;
		};
		C91B23DF2B535D9E00BAF6F8 /* Release */ = {
			isa = XCBuildConfiguration;
			buildSettings = {
				ALWAYS_SEARCH_USER_PATHS = NO;
				ASSETCATALOG_COMPILER_GENERATE_SWIFT_ASSET_SYMBOL_EXTENSIONS = YES;
				CLANG_ANALYZER_NONNULL = YES;
				CLANG_ANALYZER_NUMBER_OBJECT_CONVERSION = YES_AGGRESSIVE;
				CLANG_CXX_LANGUAGE_STANDARD = "gnu++20";
				CLANG_ENABLE_MODULES = YES;
				CLANG_ENABLE_OBJC_ARC = YES;
				CLANG_ENABLE_OBJC_WEAK = YES;
				CLANG_WARN_BLOCK_CAPTURE_AUTORELEASING = YES;
				CLANG_WARN_BOOL_CONVERSION = YES;
				CLANG_WARN_COMMA = YES;
				CLANG_WARN_CONSTANT_CONVERSION = YES;
				CLANG_WARN_DEPRECATED_OBJC_IMPLEMENTATIONS = YES;
				CLANG_WARN_DIRECT_OBJC_ISA_USAGE = YES_ERROR;
				CLANG_WARN_DOCUMENTATION_COMMENTS = YES;
				CLANG_WARN_EMPTY_BODY = YES;
				CLANG_WARN_ENUM_CONVERSION = YES;
				CLANG_WARN_INFINITE_RECURSION = YES;
				CLANG_WARN_INT_CONVERSION = YES;
				CLANG_WARN_NON_LITERAL_NULL_CONVERSION = YES;
				CLANG_WARN_OBJC_IMPLICIT_RETAIN_SELF = YES;
				CLANG_WARN_OBJC_LITERAL_CONVERSION = YES;
				CLANG_WARN_OBJC_ROOT_CLASS = YES_ERROR;
				CLANG_WARN_QUOTED_INCLUDE_IN_FRAMEWORK_HEADER = YES;
				CLANG_WARN_RANGE_LOOP_ANALYSIS = YES;
				CLANG_WARN_STRICT_PROTOTYPES = YES;
				CLANG_WARN_SUSPICIOUS_MOVE = YES;
				CLANG_WARN_UNGUARDED_AVAILABILITY = YES_AGGRESSIVE;
				CLANG_WARN_UNREACHABLE_CODE = YES;
				CLANG_WARN__DUPLICATE_METHOD_MATCH = YES;
				COPY_PHASE_STRIP = NO;
				DEBUG_INFORMATION_FORMAT = "dwarf-with-dsym";
				ENABLE_NS_ASSERTIONS = NO;
				ENABLE_STRICT_OBJC_MSGSEND = YES;
				ENABLE_USER_SCRIPT_SANDBOXING = YES;
				GCC_C_LANGUAGE_STANDARD = gnu17;
				GCC_NO_COMMON_BLOCKS = YES;
				GCC_WARN_64_TO_32_BIT_CONVERSION = YES;
				GCC_WARN_ABOUT_RETURN_TYPE = YES_ERROR;
				GCC_WARN_UNDECLARED_SELECTOR = YES;
				GCC_WARN_UNINITIALIZED_AUTOS = YES_AGGRESSIVE;
				GCC_WARN_UNUSED_FUNCTION = YES;
				GCC_WARN_UNUSED_VARIABLE = YES;
				IPHONEOS_DEPLOYMENT_TARGET = 17.2;
				LOCALIZATION_PREFERS_STRING_CATALOGS = YES;
				MTL_ENABLE_DEBUG_INFO = NO;
				MTL_FAST_MATH = YES;
				SDKROOT = iphoneos;
				SWIFT_COMPILATION_MODE = wholemodule;
				VALIDATE_PRODUCT = YES;
			};
			name = Release;
		};
		C91B23E12B535D9E00BAF6F8 /* Debug */ = {
			isa = XCBuildConfiguration;
			buildSettings = {
				ASSETCATALOG_COMPILER_APPICON_NAME = AppIcon;
				ASSETCATALOG_COMPILER_GLOBAL_ACCENT_COLOR_NAME = AccentColor;
				CODE_SIGN_STYLE = Automatic;
				CURRENT_PROJECT_VERSION = 1;
				DEVELOPMENT_ASSET_PATHS = "\"TikTok-SwiftUI/Preview Content\"";
				ENABLE_PREVIEWS = YES;
				GENERATE_INFOPLIST_FILE = YES;
				INFOPLIST_FILE = "TikTok-SwiftUI/Info.plist";
				INFOPLIST_KEY_UIApplicationSceneManifest_Generation = YES;
				INFOPLIST_KEY_UIApplicationSupportsIndirectInputEvents = YES;
				INFOPLIST_KEY_UILaunchScreen_Generation = YES;
				INFOPLIST_KEY_UISupportedInterfaceOrientations_iPad = "UIInterfaceOrientationPortrait UIInterfaceOrientationPortraitUpsideDown UIInterfaceOrientationLandscapeLeft UIInterfaceOrientationLandscapeRight";
				INFOPLIST_KEY_UISupportedInterfaceOrientations_iPhone = "UIInterfaceOrientationPortrait UIInterfaceOrientationLandscapeLeft UIInterfaceOrientationLandscapeRight";
				IPHONEOS_DEPLOYMENT_TARGET = 17.0;
				LD_RUNPATH_SEARCH_PATHS = (
					"$(inherited)",
					"@executable_path/Frameworks",
				);
				MARKETING_VERSION = 1.0;
				PRODUCT_BUNDLE_IDENTIFIER = "com.enterprice.TikTok-SwiftUI";
				PRODUCT_NAME = "$(TARGET_NAME)";
				SWIFT_EMIT_LOC_STRINGS = YES;
				SWIFT_VERSION = 5.0;
				TARGETED_DEVICE_FAMILY = "1,2";
			};
			name = Debug;
		};
		C91B23E22B535D9E00BAF6F8 /* Release */ = {
			isa = XCBuildConfiguration;
			buildSettings = {
				ASSETCATALOG_COMPILER_APPICON_NAME = AppIcon;
				ASSETCATALOG_COMPILER_GLOBAL_ACCENT_COLOR_NAME = AccentColor;
				CODE_SIGN_STYLE = Automatic;
				CURRENT_PROJECT_VERSION = 1;
				DEVELOPMENT_ASSET_PATHS = "\"TikTok-SwiftUI/Preview Content\"";
				ENABLE_PREVIEWS = YES;
				GENERATE_INFOPLIST_FILE = YES;
				INFOPLIST_FILE = "TikTok-SwiftUI/Info.plist";
				INFOPLIST_KEY_UIApplicationSceneManifest_Generation = YES;
				INFOPLIST_KEY_UIApplicationSupportsIndirectInputEvents = YES;
				INFOPLIST_KEY_UILaunchScreen_Generation = YES;
				INFOPLIST_KEY_UISupportedInterfaceOrientations_iPad = "UIInterfaceOrientationPortrait UIInterfaceOrientationPortraitUpsideDown UIInterfaceOrientationLandscapeLeft UIInterfaceOrientationLandscapeRight";
				INFOPLIST_KEY_UISupportedInterfaceOrientations_iPhone = "UIInterfaceOrientationPortrait UIInterfaceOrientationLandscapeLeft UIInterfaceOrientationLandscapeRight";
				IPHONEOS_DEPLOYMENT_TARGET = 17.0;
				LD_RUNPATH_SEARCH_PATHS = (
					"$(inherited)",
					"@executable_path/Frameworks",
				);
				MARKETING_VERSION = 1.0;
				PRODUCT_BUNDLE_IDENTIFIER = "com.enterprice.TikTok-SwiftUI";
				PRODUCT_NAME = "$(TARGET_NAME)";
				SWIFT_EMIT_LOC_STRINGS = YES;
				SWIFT_VERSION = 5.0;
				TARGETED_DEVICE_FAMILY = "1,2";
			};
			name = Release;
		};
		C91B23E42B535D9E00BAF6F8 /* Debug */ = {
			isa = XCBuildConfiguration;
			buildSettings = {
				ALWAYS_EMBED_SWIFT_STANDARD_LIBRARIES = YES;
				BUNDLE_LOADER = "$(TEST_HOST)";
				CODE_SIGN_STYLE = Automatic;
				CURRENT_PROJECT_VERSION = 1;
				GENERATE_INFOPLIST_FILE = YES;
				IPHONEOS_DEPLOYMENT_TARGET = 17.2;
				MARKETING_VERSION = 1.0;
				PRODUCT_BUNDLE_IDENTIFIER = "com.enterprice.TikTok-SwiftUITests";
				PRODUCT_NAME = "$(TARGET_NAME)";
				SWIFT_EMIT_LOC_STRINGS = NO;
				SWIFT_VERSION = 5.0;
				TARGETED_DEVICE_FAMILY = "1,2";
				TEST_HOST = "$(BUILT_PRODUCTS_DIR)/TikTok-SwiftUI.app/$(BUNDLE_EXECUTABLE_FOLDER_PATH)/TikTok-SwiftUI";
			};
			name = Debug;
		};
		C91B23E52B535D9E00BAF6F8 /* Release */ = {
			isa = XCBuildConfiguration;
			buildSettings = {
				ALWAYS_EMBED_SWIFT_STANDARD_LIBRARIES = YES;
				BUNDLE_LOADER = "$(TEST_HOST)";
				CODE_SIGN_STYLE = Automatic;
				CURRENT_PROJECT_VERSION = 1;
				GENERATE_INFOPLIST_FILE = YES;
				IPHONEOS_DEPLOYMENT_TARGET = 17.2;
				MARKETING_VERSION = 1.0;
				PRODUCT_BUNDLE_IDENTIFIER = "com.enterprice.TikTok-SwiftUITests";
				PRODUCT_NAME = "$(TARGET_NAME)";
				SWIFT_EMIT_LOC_STRINGS = NO;
				SWIFT_VERSION = 5.0;
				TARGETED_DEVICE_FAMILY = "1,2";
				TEST_HOST = "$(BUILT_PRODUCTS_DIR)/TikTok-SwiftUI.app/$(BUNDLE_EXECUTABLE_FOLDER_PATH)/TikTok-SwiftUI";
			};
			name = Release;
		};
		C91B23E72B535D9E00BAF6F8 /* Debug */ = {
			isa = XCBuildConfiguration;
			buildSettings = {
				ALWAYS_EMBED_SWIFT_STANDARD_LIBRARIES = YES;
				CODE_SIGN_STYLE = Automatic;
				CURRENT_PROJECT_VERSION = 1;
				GENERATE_INFOPLIST_FILE = YES;
				MARKETING_VERSION = 1.0;
				PRODUCT_BUNDLE_IDENTIFIER = "com.enterprice.TikTok-SwiftUIUITests";
				PRODUCT_NAME = "$(TARGET_NAME)";
				SWIFT_EMIT_LOC_STRINGS = NO;
				SWIFT_VERSION = 5.0;
				TARGETED_DEVICE_FAMILY = "1,2";
				TEST_TARGET_NAME = "TikTok-SwiftUI";
			};
			name = Debug;
		};
		C91B23E82B535D9E00BAF6F8 /* Release */ = {
			isa = XCBuildConfiguration;
			buildSettings = {
				ALWAYS_EMBED_SWIFT_STANDARD_LIBRARIES = YES;
				CODE_SIGN_STYLE = Automatic;
				CURRENT_PROJECT_VERSION = 1;
				GENERATE_INFOPLIST_FILE = YES;
				MARKETING_VERSION = 1.0;
				PRODUCT_BUNDLE_IDENTIFIER = "com.enterprice.TikTok-SwiftUIUITests";
				PRODUCT_NAME = "$(TARGET_NAME)";
				SWIFT_EMIT_LOC_STRINGS = NO;
				SWIFT_VERSION = 5.0;
				TARGETED_DEVICE_FAMILY = "1,2";
				TEST_TARGET_NAME = "TikTok-SwiftUI";
			};
			name = Release;
		};
/* End XCBuildConfiguration section */

/* Begin XCConfigurationList section */
		C91B23B72B535D9B00BAF6F8 /* Build configuration list for PBXProject "TikTok-SwiftUI" */ = {
			isa = XCConfigurationList;
			buildConfigurations = (
				C91B23DE2B535D9E00BAF6F8 /* Debug */,
				C91B23DF2B535D9E00BAF6F8 /* Release */,
			);
			defaultConfigurationIsVisible = 0;
			defaultConfigurationName = Release;
		};
		C91B23E02B535D9E00BAF6F8 /* Build configuration list for PBXNativeTarget "TikTok-SwiftUI" */ = {
			isa = XCConfigurationList;
			buildConfigurations = (
				C91B23E12B535D9E00BAF6F8 /* Debug */,
				C91B23E22B535D9E00BAF6F8 /* Release */,
			);
			defaultConfigurationIsVisible = 0;
			defaultConfigurationName = Release;
		};
		C91B23E32B535D9E00BAF6F8 /* Build configuration list for PBXNativeTarget "TikTok-SwiftUITests" */ = {
			isa = XCConfigurationList;
			buildConfigurations = (
				C91B23E42B535D9E00BAF6F8 /* Debug */,
				C91B23E52B535D9E00BAF6F8 /* Release */,
			);
			defaultConfigurationIsVisible = 0;
			defaultConfigurationName = Release;
		};
		C91B23E62B535D9E00BAF6F8 /* Build configuration list for PBXNativeTarget "TikTok-SwiftUIUITests" */ = {
			isa = XCConfigurationList;
			buildConfigurations = (
				C91B23E72B535D9E00BAF6F8 /* Debug */,
				C91B23E82B535D9E00BAF6F8 /* Release */,
			);
			defaultConfigurationIsVisible = 0;
			defaultConfigurationName = Release;
		};
/* End XCConfigurationList section */

/* Begin XCRemoteSwiftPackageReference section */
		C97512522B6251E900CFA166 /* XCRemoteSwiftPackageReference "firebase-ios-sdk" */ = {
			isa = XCRemoteSwiftPackageReference;
			repositoryURL = "https://github.com/firebase/firebase-ios-sdk";
			requirement = {
				kind = upToNextMajorVersion;
				minimumVersion = 10.20.0;
			};
		};
/* End XCRemoteSwiftPackageReference section */

/* Begin XCSwiftPackageProductDependency section */
		C97512532B62540200CFA166 /* FirebaseAnalytics */ = {
			isa = XCSwiftPackageProductDependency;
			package = C97512522B6251E900CFA166 /* XCRemoteSwiftPackageReference "firebase-ios-sdk" */;
			productName = FirebaseAnalytics;
		};
		C97512552B62540200CFA166 /* FirebaseAnalyticsOnDeviceConversion */ = {
			isa = XCSwiftPackageProductDependency;
			package = C97512522B6251E900CFA166 /* XCRemoteSwiftPackageReference "firebase-ios-sdk" */;
			productName = FirebaseAnalyticsOnDeviceConversion;
		};
		C97512572B62540200CFA166 /* FirebaseAnalyticsSwift */ = {
			isa = XCSwiftPackageProductDependency;
			package = C97512522B6251E900CFA166 /* XCRemoteSwiftPackageReference "firebase-ios-sdk" */;
			productName = FirebaseAnalyticsSwift;
		};
		C97512592B62540200CFA166 /* FirebaseAnalyticsWithoutAdIdSupport */ = {
			isa = XCSwiftPackageProductDependency;
			package = C97512522B6251E900CFA166 /* XCRemoteSwiftPackageReference "firebase-ios-sdk" */;
			productName = FirebaseAnalyticsWithoutAdIdSupport;
		};
		C975125B2B62540200CFA166 /* FirebaseAppCheck */ = {
			isa = XCSwiftPackageProductDependency;
			package = C97512522B6251E900CFA166 /* XCRemoteSwiftPackageReference "firebase-ios-sdk" */;
			productName = FirebaseAppCheck;
		};
		C975125D2B62540200CFA166 /* FirebaseAppDistribution-Beta */ = {
			isa = XCSwiftPackageProductDependency;
			package = C97512522B6251E900CFA166 /* XCRemoteSwiftPackageReference "firebase-ios-sdk" */;
			productName = "FirebaseAppDistribution-Beta";
		};
		C975125F2B62540200CFA166 /* FirebaseAuth */ = {
			isa = XCSwiftPackageProductDependency;
			package = C97512522B6251E900CFA166 /* XCRemoteSwiftPackageReference "firebase-ios-sdk" */;
			productName = FirebaseAuth;
		};
		C97512612B62540200CFA166 /* FirebaseAuthCombine-Community */ = {
			isa = XCSwiftPackageProductDependency;
			package = C97512522B6251E900CFA166 /* XCRemoteSwiftPackageReference "firebase-ios-sdk" */;
			productName = "FirebaseAuthCombine-Community";
		};
		C97512632B62540200CFA166 /* FirebaseCrashlytics */ = {
			isa = XCSwiftPackageProductDependency;
			package = C97512522B6251E900CFA166 /* XCRemoteSwiftPackageReference "firebase-ios-sdk" */;
			productName = FirebaseCrashlytics;
		};
		C97512652B62540200CFA166 /* FirebaseDatabase */ = {
			isa = XCSwiftPackageProductDependency;
			package = C97512522B6251E900CFA166 /* XCRemoteSwiftPackageReference "firebase-ios-sdk" */;
			productName = FirebaseDatabase;
		};
		C97512672B62540200CFA166 /* FirebaseDatabaseSwift */ = {
			isa = XCSwiftPackageProductDependency;
			package = C97512522B6251E900CFA166 /* XCRemoteSwiftPackageReference "firebase-ios-sdk" */;
			productName = FirebaseDatabaseSwift;
		};
		C97512692B62540200CFA166 /* FirebaseDynamicLinks */ = {
			isa = XCSwiftPackageProductDependency;
			package = C97512522B6251E900CFA166 /* XCRemoteSwiftPackageReference "firebase-ios-sdk" */;
			productName = FirebaseDynamicLinks;
		};
		C975126B2B62540200CFA166 /* FirebaseFirestore */ = {
			isa = XCSwiftPackageProductDependency;
			package = C97512522B6251E900CFA166 /* XCRemoteSwiftPackageReference "firebase-ios-sdk" */;
			productName = FirebaseFirestore;
		};
		C975126D2B62540200CFA166 /* FirebaseFirestoreCombine-Community */ = {
			isa = XCSwiftPackageProductDependency;
			package = C97512522B6251E900CFA166 /* XCRemoteSwiftPackageReference "firebase-ios-sdk" */;
			productName = "FirebaseFirestoreCombine-Community";
		};
		C975126F2B62540200CFA166 /* FirebaseFirestoreSwift */ = {
			isa = XCSwiftPackageProductDependency;
			package = C97512522B6251E900CFA166 /* XCRemoteSwiftPackageReference "firebase-ios-sdk" */;
			productName = FirebaseFirestoreSwift;
		};
		C97512712B62540200CFA166 /* FirebaseFunctions */ = {
			isa = XCSwiftPackageProductDependency;
			package = C97512522B6251E900CFA166 /* XCRemoteSwiftPackageReference "firebase-ios-sdk" */;
			productName = FirebaseFunctions;
		};
		C97512732B62540200CFA166 /* FirebaseFunctionsCombine-Community */ = {
			isa = XCSwiftPackageProductDependency;
			package = C97512522B6251E900CFA166 /* XCRemoteSwiftPackageReference "firebase-ios-sdk" */;
			productName = "FirebaseFunctionsCombine-Community";
		};
		C97512752B62540200CFA166 /* FirebaseInAppMessaging-Beta */ = {
			isa = XCSwiftPackageProductDependency;
			package = C97512522B6251E900CFA166 /* XCRemoteSwiftPackageReference "firebase-ios-sdk" */;
			productName = "FirebaseInAppMessaging-Beta";
		};
		C97512772B62540200CFA166 /* FirebaseInAppMessagingSwift-Beta */ = {
			isa = XCSwiftPackageProductDependency;
			package = C97512522B6251E900CFA166 /* XCRemoteSwiftPackageReference "firebase-ios-sdk" */;
			productName = "FirebaseInAppMessagingSwift-Beta";
		};
		C97512792B62540200CFA166 /* FirebaseInstallations */ = {
			isa = XCSwiftPackageProductDependency;
			package = C97512522B6251E900CFA166 /* XCRemoteSwiftPackageReference "firebase-ios-sdk" */;
			productName = FirebaseInstallations;
		};
		C975127B2B62540200CFA166 /* FirebaseMLModelDownloader */ = {
			isa = XCSwiftPackageProductDependency;
			package = C97512522B6251E900CFA166 /* XCRemoteSwiftPackageReference "firebase-ios-sdk" */;
			productName = FirebaseMLModelDownloader;
		};
		C975127D2B62540200CFA166 /* FirebaseMessaging */ = {
			isa = XCSwiftPackageProductDependency;
			package = C97512522B6251E900CFA166 /* XCRemoteSwiftPackageReference "firebase-ios-sdk" */;
			productName = FirebaseMessaging;
		};
		C975127F2B62540200CFA166 /* FirebasePerformance */ = {
			isa = XCSwiftPackageProductDependency;
			package = C97512522B6251E900CFA166 /* XCRemoteSwiftPackageReference "firebase-ios-sdk" */;
			productName = FirebasePerformance;
		};
		C97512812B62540200CFA166 /* FirebaseRemoteConfig */ = {
			isa = XCSwiftPackageProductDependency;
			package = C97512522B6251E900CFA166 /* XCRemoteSwiftPackageReference "firebase-ios-sdk" */;
			productName = FirebaseRemoteConfig;
		};
		C97512832B62540200CFA166 /* FirebaseRemoteConfigSwift */ = {
			isa = XCSwiftPackageProductDependency;
			package = C97512522B6251E900CFA166 /* XCRemoteSwiftPackageReference "firebase-ios-sdk" */;
			productName = FirebaseRemoteConfigSwift;
		};
		C97512852B62540200CFA166 /* FirebaseStorage */ = {
			isa = XCSwiftPackageProductDependency;
			package = C97512522B6251E900CFA166 /* XCRemoteSwiftPackageReference "firebase-ios-sdk" */;
			productName = FirebaseStorage;
		};
		C97512872B62540200CFA166 /* FirebaseStorageCombine-Community */ = {
			isa = XCSwiftPackageProductDependency;
			package = C97512522B6251E900CFA166 /* XCRemoteSwiftPackageReference "firebase-ios-sdk" */;
			productName = "FirebaseStorageCombine-Community";
		};
/* End XCSwiftPackageProductDependency section */
	};
	rootObject = C91B23B42B535D9B00BAF6F8 /* Project object */;
}
